// !$*UTF8*$!
{
	archiveVersion = 1;
	classes = {
	};
	objectVersion = 55;
	objects = {

/* Begin PBXBuildFile section */
		ED29F6BB2786282E00151EA8 /* Month.swift in Sources */ = {isa = PBXBuildFile; fileRef = ED29F6BA2786282E00151EA8 /* Month.swift */; };
		ED29F6BD27862AF400151EA8 /* Date.swift in Sources */ = {isa = PBXBuildFile; fileRef = ED29F6BC27862AF400151EA8 /* Date.swift */; };
		ED455EB3278505EC003BEF4D /* Student.swift in Sources */ = {isa = PBXBuildFile; fileRef = ED455EB2278505EC003BEF4D /* Student.swift */; };
		ED7A826C27864DB400384802 /* SearchStudent.swift in Sources */ = {isa = PBXBuildFile; fileRef = ED7A826B27864DB400384802 /* SearchStudent.swift */; };
		EDC3C609278503980054438A /* AppDelegate.swift in Sources */ = {isa = PBXBuildFile; fileRef = EDC3C608278503980054438A /* AppDelegate.swift */; };
		EDC3C60B278503980054438A /* SceneDelegate.swift in Sources */ = {isa = PBXBuildFile; fileRef = EDC3C60A278503980054438A /* SceneDelegate.swift */; };
		EDC3C60D278503980054438A /* ViewController.swift in Sources */ = {isa = PBXBuildFile; fileRef = EDC3C60C278503980054438A /* ViewController.swift */; };
		EDC3C610278503980054438A /* Main.storyboard in Resources */ = {isa = PBXBuildFile; fileRef = EDC3C60E278503980054438A /* Main.storyboard */; };
		EDC3C6122785039A0054438A /* Assets.xcassets in Resources */ = {isa = PBXBuildFile; fileRef = EDC3C6112785039A0054438A /* Assets.xcassets */; };
		EDC3C6152785039A0054438A /* LaunchScreen.storyboard in Resources */ = {isa = PBXBuildFile; fileRef = EDC3C6132785039A0054438A /* LaunchScreen.storyboard */; };
/* End PBXBuildFile section */

/* Begin PBXFileReference section */
		ED29F6BA2786282E00151EA8 /* Month.swift */ = {isa = PBXFileReference; lastKnownFileType = sourcecode.swift; path = Month.swift; sourceTree = "<group>"; };
		ED29F6BC27862AF400151EA8 /* Date.swift */ = {isa = PBXFileReference; lastKnownFileType = sourcecode.swift; path = Date.swift; sourceTree = "<group>"; };
		ED455EB2278505EC003BEF4D /* Student.swift */ = {isa = PBXFileReference; lastKnownFileType = sourcecode.swift; path = Student.swift; sourceTree = "<group>"; };
		ED7A826B27864DB400384802 /* SearchStudent.swift */ = {isa = PBXFileReference; lastKnownFileType = sourcecode.swift; path = SearchStudent.swift; sourceTree = "<group>"; };
		EDC3C605278503980054438A /* Lesson20.4.app */ = {isa = PBXFileReference; explicitFileType = wrapper.application; includeInIndex = 0; path = Lesson20.4.app; sourceTree = BUILT_PRODUCTS_DIR; };
		EDC3C608278503980054438A /* AppDelegate.swift */ = {isa = PBXFileReference; lastKnownFileType = sourcecode.swift; path = AppDelegate.swift; sourceTree = "<group>"; };
		EDC3C60A278503980054438A /* SceneDelegate.swift */ = {isa = PBXFileReference; lastKnownFileType = sourcecode.swift; path = SceneDelegate.swift; sourceTree = "<group>"; };
		EDC3C60C278503980054438A /* ViewController.swift */ = {isa = PBXFileReference; lastKnownFileType = sourcecode.swift; path = ViewController.swift; sourceTree = "<group>"; };
		EDC3C60F278503980054438A /* Base */ = {isa = PBXFileReference; lastKnownFileType = file.storyboard; name = Base; path = Base.lproj/Main.storyboard; sourceTree = "<group>"; };
		EDC3C6112785039A0054438A /* Assets.xcassets */ = {isa = PBXFileReference; lastKnownFileType = folder.assetcatalog; path = Assets.xcassets; sourceTree = "<group>"; };
		EDC3C6142785039A0054438A /* Base */ = {isa = PBXFileReference; lastKnownFileType = file.storyboard; name = Base; path = Base.lproj/LaunchScreen.storyboard; sourceTree = "<group>"; };
		EDC3C6162785039A0054438A /* Info.plist */ = {isa = PBXFileReference; lastKnownFileType = text.plist.xml; path = Info.plist; sourceTree = "<group>"; };
/* End PBXFileReference section */

/* Begin PBXFrameworksBuildPhase section */
		EDC3C602278503980054438A /* Frameworks */ = {
			isa = PBXFrameworksBuildPhase;
			buildActionMask = 2147483647;
			files = (
			);
			runOnlyForDeploymentPostprocessing = 0;
		};
/* End PBXFrameworksBuildPhase section */

/* Begin PBXGroup section */
		EDC3C5FC278503980054438A = {
			isa = PBXGroup;
			children = (
				EDC3C607278503980054438A /* Lesson20.4 */,
				EDC3C606278503980054438A /* Products */,
			);
			sourceTree = "<group>";
		};
		EDC3C606278503980054438A /* Products */ = {
			isa = PBXGroup;
			children = (
				EDC3C605278503980054438A /* Lesson20.4.app */,
			);
			name = Products;
			sourceTree = "<group>";
		};
		EDC3C607278503980054438A /* Lesson20.4 */ = {
			isa = PBXGroup;
			children = (
				EDC3C608278503980054438A /* AppDelegate.swift */,
				EDC3C60A278503980054438A /* SceneDelegate.swift */,
				EDC3C60C278503980054438A /* ViewController.swift */,
				ED7A826B27864DB400384802 /* SearchStudent.swift */,
				ED29F6BC27862AF400151EA8 /* Date.swift */,
				ED29F6BA2786282E00151EA8 /* Month.swift */,
				ED455EB2278505EC003BEF4D /* Student.swift */,
				EDC3C60E278503980054438A /* Main.storyboard */,
				EDC3C6112785039A0054438A /* Assets.xcassets */,
				EDC3C6132785039A0054438A /* LaunchScreen.storyboard */,
				EDC3C6162785039A0054438A /* Info.plist */,
			);
			path = Lesson20.4;
			sourceTree = "<group>";
		};
/* End PBXGroup section */

/* Begin PBXNativeTarget section */
		EDC3C604278503980054438A /* Lesson20.4 */ = {
			isa = PBXNativeTarget;
			buildConfigurationList = EDC3C6192785039A0054438A /* Build configuration list for PBXNativeTarget "Lesson20.4" */;
			buildPhases = (
				EDC3C601278503980054438A /* Sources */,
				EDC3C602278503980054438A /* Frameworks */,
				EDC3C603278503980054438A /* Resources */,
			);
			buildRules = (
			);
			dependencies = (
			);
			name = Lesson20.4;
			productName = Lesson20.4;
			productReference = EDC3C605278503980054438A /* Lesson20.4.app */;
			productType = "com.apple.product-type.application";
		};
/* End PBXNativeTarget section */

/* Begin PBXProject section */
		EDC3C5FD278503980054438A /* Project object */ = {
			isa = PBXProject;
			attributes = {
				BuildIndependentTargetsInParallel = 1;
				LastSwiftUpdateCheck = 1310;
				LastUpgradeCheck = 1310;
				TargetAttributes = {
					EDC3C604278503980054438A = {
						CreatedOnToolsVersion = 13.1;
					};
				};
			};
			buildConfigurationList = EDC3C600278503980054438A /* Build configuration list for PBXProject "Lesson20.4" */;
			compatibilityVersion = "Xcode 13.0";
			developmentRegion = en;
			hasScannedForEncodings = 0;
			knownRegions = (
				en,
				Base,
			);
			mainGroup = EDC3C5FC278503980054438A;
			productRefGroup = EDC3C606278503980054438A /* Products */;
			projectDirPath = "";
			projectRoot = "";
			targets = (
				EDC3C604278503980054438A /* Lesson20.4 */,
			);
		};
/* End PBXProject section */

/* Begin PBXResourcesBuildPhase section */
		EDC3C603278503980054438A /* Resources */ = {
			isa = PBXResourcesBuildPhase;
			buildActionMask = 2147483647;
			files = (
				EDC3C6152785039A0054438A /* LaunchScreen.storyboard in Resources */,
				EDC3C6122785039A0054438A /* Assets.xcassets in Resources */,
				EDC3C610278503980054438A /* Main.storyboard in Resources */,
			);
			runOnlyForDeploymentPostprocessing = 0;
		};
/* End PBXResourcesBuildPhase section */

/* Begin PBXSourcesBuildPhase section */
		EDC3C601278503980054438A /* Sources */ = {
			isa = PBXSourcesBuildPhase;
			buildActionMask = 2147483647;
			files = (
				EDC3C60D278503980054438A /* ViewController.swift in Sources */,
				ED29F6BD27862AF400151EA8 /* Date.swift in Sources */,
				EDC3C609278503980054438A /* AppDelegate.swift in Sources */,
				ED7A826C27864DB400384802 /* SearchStudent.swift in Sources */,
				EDC3C60B278503980054438A /* SceneDelegate.swift in Sources */,
				ED29F6BB2786282E00151EA8 /* Month.swift in Sources */,
				ED455EB3278505EC003BEF4D /* Student.swift in Sources */,
			);
			runOnlyForDeploymentPostprocessing = 0;
		};
/* End PBXSourcesBuildPhase section */

/* Begin PBXVariantGroup section */
		EDC3C60E278503980054438A /* Main.storyboard */ = {
			isa = PBXVariantGroup;
			children = (
				EDC3C60F278503980054438A /* Base */,
			);
			name = Main.storyboard;
			sourceTree = "<group>";
		};
		EDC3C6132785039A0054438A /* LaunchScreen.storyboard */ = {
			isa = PBXVariantGroup;
			children = (
				EDC3C6142785039A0054438A /* Base */,
			);
			name = LaunchScreen.storyboard;
			sourceTree = "<group>";
		};
/* End PBXVariantGroup section */

/* Begin XCBuildConfiguration section */
		EDC3C6172785039A0054438A /* Debug */ = {
			isa = XCBuildConfiguration;
			buildSettings = {
				ALWAYS_SEARCH_USER_PATHS = NO;
				CLANG_ANALYZER_NONNULL = YES;
				CLANG_ANALYZER_NUMBER_OBJECT_CONVERSION = YES_AGGRESSIVE;
				CLANG_CXX_LANGUAGE_STANDARD = "gnu++17";
				CLANG_CXX_LIBRARY = "libc++";
				CLANG_ENABLE_MODULES = YES;
				CLANG_ENABLE_OBJC_ARC = YES;
				CLANG_ENABLE_OBJC_WEAK = YES;
				CLANG_WARN_BLOCK_CAPTURE_AUTORELEASING = YES;
				CLANG_WARN_BOOL_CONVERSION = YES;
				CLANG_WARN_COMMA = YES;
				CLANG_WARN_CONSTANT_CONVERSION = YES;
				CLANG_WARN_DEPRECATED_OBJC_IMPLEMENTATIONS = YES;
				CLANG_WARN_DIRECT_OBJC_ISA_USAGE = YES_ERROR;
				CLANG_WARN_DOCUMENTATION_COMMENTS = YES;
				CLANG_WARN_EMPTY_BODY = YES;
				CLANG_WARN_ENUM_CONVERSION = YES;
				CLANG_WARN_INFINITE_RECURSION = YES;
				CLANG_WARN_INT_CONVERSION = YES;
				CLANG_WARN_NON_LITERAL_NULL_CONVERSION = YES;
				CLANG_WARN_OBJC_IMPLICIT_RETAIN_SELF = YES;
				CLANG_WARN_OBJC_LITERAL_CONVERSION = YES;
				CLANG_WARN_OBJC_ROOT_CLASS = YES_ERROR;
				CLANG_WARN_QUOTED_INCLUDE_IN_FRAMEWORK_HEADER = YES;
				CLANG_WARN_RANGE_LOOP_ANALYSIS = YES;
				CLANG_WARN_STRICT_PROTOTYPES = YES;
				CLANG_WARN_SUSPICIOUS_MOVE = YES;
				CLANG_WARN_UNGUARDED_AVAILABILITY = YES_AGGRESSIVE;
				CLANG_WARN_UNREACHABLE_CODE = YES;
				CLANG_WARN__DUPLICATE_METHOD_MATCH = YES;
				COPY_PHASE_STRIP = NO;
				DEBUG_INFORMATION_FORMAT = dwarf;
				ENABLE_STRICT_OBJC_MSGSEND = YES;
				ENABLE_TESTABILITY = YES;
				GCC_C_LANGUAGE_STANDARD = gnu11;
				GCC_DYNAMIC_NO_PIC = NO;
				GCC_NO_COMMON_BLOCKS = YES;
				GCC_OPTIMIZATION_LEVEL = 0;
				GCC_PREPROCESSOR_DEFINITIONS = (
					"DEBUG=1",
					"$(inherited)",
				);
				GCC_WARN_64_TO_32_BIT_CONVERSION = YES;
				GCC_WARN_ABOUT_RETURN_TYPE = YES_ERROR;
				GCC_WARN_UNDECLARED_SELECTOR = YES;
				GCC_WARN_UNINITIALIZED_AUTOS = YES_AGGRESSIVE;
				GCC_WARN_UNUSED_FUNCTION = YES;
				GCC_WARN_UNUSED_VARIABLE = YES;
				IPHONEOS_DEPLOYMENT_TARGET = 15.0;
				MTL_ENABLE_DEBUG_INFO = INCLUDE_SOURCE;
				MTL_FAST_MATH = YES;
				ONLY_ACTIVE_ARCH = YES;
				SDKROOT = iphoneos;
				SWIFT_ACTIVE_COMPILATION_CONDITIONS = DEBUG;
				SWIFT_OPTIMIZATION_LEVEL = "-Onone";
			};
			name = Debug;
		};
		EDC3C6182785039A0054438A /* Release */ = {
			isa = XCBuildConfiguration;
			buildSettings = {
				ALWAYS_SEARCH_USER_PATHS = NO;
				CLANG_ANALYZER_NONNULL = YES;
				CLANG_ANALYZER_NUMBER_OBJECT_CONVERSION = YES_AGGRESSIVE;
				CLANG_CXX_LANGUAGE_STANDARD = "gnu++17";
				CLANG_CXX_LIBRARY = "libc++";
				CLANG_ENABLE_MODULES = YES;
				CLANG_ENABLE_OBJC_ARC = YES;
				CLANG_ENABLE_OBJC_WEAK = YES;
				CLANG_WARN_BLOCK_CAPTURE_AUTORELEASING = YES;
				CLANG_WARN_BOOL_CONVERSION = YES;
				CLANG_WARN_COMMA = YES;
				CLANG_WARN_CONSTANT_CONVERSION = YES;
				CLANG_WARN_DEPRECATED_OBJC_IMPLEMENTATIONS = YES;
				CLANG_WARN_DIRECT_OBJC_ISA_USAGE = YES_ERROR;
				CLANG_WARN_DOCUMENTATION_COMMENTS = YES;
				CLANG_WARN_EMPTY_BODY = YES;
				CLANG_WARN_ENUM_CONVERSION = YES;
				CLANG_WARN_INFINITE_RECURSION = YES;
				CLANG_WARN_INT_CONVERSION = YES;
				CLANG_WARN_NON_LITERAL_NULL_CONVERSION = YES;
				CLANG_WARN_OBJC_IMPLICIT_RETAIN_SELF = YES;
				CLANG_WARN_OBJC_LITERAL_CONVERSION = YES;
				CLANG_WARN_OBJC_ROOT_CLASS = YES_ERROR;
				CLANG_WARN_QUOTED_INCLUDE_IN_FRAMEWORK_HEADER = YES;
				CLANG_WARN_RANGE_LOOP_ANALYSIS = YES;
				CLANG_WARN_STRICT_PROTOTYPES = YES;
				CLANG_WARN_SUSPICIOUS_MOVE = YES;
				CLANG_WARN_UNGUARDED_AVAILABILITY = YES_AGGRESSIVE;
				CLANG_WARN_UNREACHABLE_CODE = YES;
				CLANG_WARN__DUPLICATE_METHOD_MATCH = YES;
				COPY_PHASE_STRIP = NO;
				DEBUG_INFORMATION_FORMAT = "dwarf-with-dsym";
				ENABLE_NS_ASSERTIONS = NO;
				ENABLE_STRICT_OBJC_MSGSEND = YES;
				GCC_C_LANGUAGE_STANDARD = gnu11;
				GCC_NO_COMMON_BLOCKS = YES;
				GCC_WARN_64_TO_32_BIT_CONVERSION = YES;
				GCC_WARN_ABOUT_RETURN_TYPE = YES_ERROR;
				GCC_WARN_UNDECLARED_SELECTOR = YES;
				GCC_WARN_UNINITIALIZED_AUTOS = YES_AGGRESSIVE;
				GCC_WARN_UNUSED_FUNCTION = YES;
				GCC_WARN_UNUSED_VARIABLE = YES;
				IPHONEOS_DEPLOYMENT_TARGET = 15.0;
				MTL_ENABLE_DEBUG_INFO = NO;
				MTL_FAST_MATH = YES;
				SDKROOT = iphoneos;
				SWIFT_COMPILATION_MODE = wholemodule;
				SWIFT_OPTIMIZATION_LEVEL = "-O";
				VALIDATE_PRODUCT = YES;
			};
			name = Release;
		};
		EDC3C61A2785039A0054438A /* Debug */ = {
			isa = XCBuildConfiguration;
			buildSettings = {
				ASSETCATALOG_COMPILER_APPICON_NAME = AppIcon;
				ASSETCATALOG_COMPILER_GLOBAL_ACCENT_COLOR_NAME = AccentColor;
				CODE_SIGN_STYLE = Automatic;
				CURRENT_PROJECT_VERSION = 1;
				DEVELOPMENT_TEAM = DM8SQLY2K5;
				GENERATE_INFOPLIST_FILE = YES;
				INFOPLIST_FILE = Lesson20.4/Info.plist;
				INFOPLIST_KEY_UIApplicationSupportsIndirectInputEvents = YES;
				INFOPLIST_KEY_UILaunchStoryboardName = LaunchScreen;
				INFOPLIST_KEY_UIMainStoryboardFile = Main;
				INFOPLIST_KEY_UISupportedInterfaceOrientations_iPad = "UIInterfaceOrientationPortrait UIInterfaceOrientationPortraitUpsideDown UIInterfaceOrientationLandscapeLeft UIInterfaceOrientationLandscapeRight";
				INFOPLIST_KEY_UISupportedInterfaceOrientations_iPhone = "UIInterfaceOrientationPortrait UIInterfaceOrientationLandscapeLeft UIInterfaceOrientationLandscapeRight";
				LD_RUNPATH_SEARCH_PATHS = (
					"$(inherited)",
					"@executable_path/Frameworks",
				);
				MARKETING_VERSION = 1.0;
				PRODUCT_BUNDLE_IDENTIFIER = "ogputs.Lesson20-4";
				PRODUCT_NAME = "$(TARGET_NAME)";
				SWIFT_EMIT_LOC_STRINGS = YES;
				SWIFT_VERSION = 5.0;
				TARGETED_DEVICE_FAMILY = "1,2";
			};
			name = Debug;
		};
		EDC3C61B2785039A0054438A /* Release */ = {
			isa = XCBuildConfiguration;
			buildSettings = {
				ASSETCATALOG_COMPILER_APPICON_NAME = AppIcon;
				ASSETCATALOG_COMPILER_GLOBAL_ACCENT_COLOR_NAME = AccentColor;
				CODE_SIGN_STYLE = Automatic;
				CURRENT_PROJECT_VERSION = 1;
				DEVELOPMENT_TEAM = DM8SQLY2K5;
				GENERATE_INFOPLIST_FILE = YES;
				INFOPLIST_FILE = Lesson20.4/Info.plist;
				INFOPLIST_KEY_UIApplicationSupportsIndirectInputEvents = YES;
				INFOPLIST_KEY_UILaunchStoryboardName = LaunchScreen;
				INFOPLIST_KEY_UIMainStoryboardFile = Main;
				INFOPLIST_KEY_UISupportedInterfaceOrientations_iPad = "UIInterfaceOrientationPortrait UIInterfaceOrientationPortraitUpsideDown UIInterfaceOrientationLandscapeLeft UIInterfaceOrientationLandscapeRight";
				INFOPLIST_KEY_UISupportedInterfaceOrientations_iPhone = "UIInterfaceOrientationPortrait UIInterfaceOrientationLandscapeLeft UIInterfaceOrientationLandscapeRight";
				LD_RUNPATH_SEARCH_PATHS = (
					"$(inherited)",
					"@executable_path/Frameworks",
				);
				MARKETING_VERSION = 1.0;
				PRODUCT_BUNDLE_IDENTIFIER = "ogputs.Lesson20-4";
				PRODUCT_NAME = "$(TARGET_NAME)";
				SWIFT_EMIT_LOC_STRINGS = YES;
				SWIFT_VERSION = 5.0;
				TARGETED_DEVICE_FAMILY = "1,2";
			};
			name = Release;
		};
/* End XCBuildConfiguration section */

/* Begin XCConfigurationList section */
		EDC3C600278503980054438A /* Build configuration list for PBXProject "Lesson20.4" */ = {
			isa = XCConfigurationList;
			buildConfigurations = (
				EDC3C6172785039A0054438A /* Debug */,
				EDC3C6182785039A0054438A /* Release */,
			);
			defaultConfigurationIsVisible = 0;
			defaultConfigurationName = Release;
		};
		EDC3C6192785039A0054438A /* Build configuration list for PBXNativeTarget "Lesson20.4" */ = {
			isa = XCConfigurationList;
			buildConfigurations = (
				EDC3C61A2785039A0054438A /* Debug */,
				EDC3C61B2785039A0054438A /* Release */,
			);
			defaultConfigurationIsVisible = 0;
			defaultConfigurationName = Release;
		};
/* End XCConfigurationList section */
	};
	rootObject = EDC3C5FD278503980054438A /* Project object */;
}
